
Microsoft Visual Studio Solution File, Format Version 12.00
# Visual Studio Version 17
VisualStudioVersion = 17.4.33213.308
MinimumVisualStudioVersion = 10.0.40219.1
Project("{FAE04EC0-301F-11D3-BF4B-00C04F79EFBC}") = "AppGetFuture", "AppGetFuture\AppGetFuture.csproj", "{861B4520-0788-4E99-97D4-2AC5FA7A93C8}"
EndProject
Global
	GlobalSection(SolutionConfigurationPlatforms) = preSolution
		Debug|Any CPU = Debug|Any CPU
		Release|Any CPU = Release|Any CPU
	EndGlobalSection
	GlobalSection(ProjectConfigurationPlatforms) = postSolution
		{861B4520-0788-4E99-97D4-2AC5FA7A93C8}.Debug|Any CPU.ActiveCfg = Debug|Any CPU
		{861B4520-0788-4E99-97D4-2AC5FA7A93C8}.Debug|Any CPU.Build.0 = Debug|Any CPU
		{861B4520-0788-4E99-97D4-2AC5FA7A93C8}.Release|Any CPU.ActiveCfg = Release|Any CPU
		{861B4520-0788-4E99-97D4-2AC5FA7A93C8}.Release|Any CPU.Build.0 = Release|Any CPU
	EndGlobalSection
	GlobalSection(SolutionProperties) = preSolution
		HideSolutionNode = FALSE
	EndGlobalSection
	GlobalSection(ExtensibilityGlobals) = postSolution
		SolutionGuid = {CED21AC4-14D6-430D-88DA-919E6D005E9A}
	EndGlobalSection
EndGlobal
